
Microsoft Visual Studio Solution File, Format Version 12.00
# Visual Studio Version 17
VisualStudioVersion = 17.4.33110.190
MinimumVisualStudioVersion = 10.0.40219.1
Project("{FAE04EC0-301F-11D3-BF4B-00C04F79EFBC}") = "AirTicketWebApi", "AirTicketWebApi\AirTicketWebApi.csproj", "{CE783C2B-97B3-47E2-A255-92613CF11248}"
EndProject
Global
	GlobalSection(SolutionConfigurationPlatforms) = preSolution
		Debug|Any CPU = Debug|Any CPU
		Release|Any CPU = Release|Any CPU
	EndGlobalSection
	GlobalSection(ProjectConfigurationPlatforms) = postSolution
		{CE783C2B-97B3-47E2-A255-92613CF11248}.Debug|Any CPU.ActiveCfg = Debug|Any CPU
		{CE783C2B-97B3-47E2-A255-92613CF11248}.Debug|Any CPU.Build.0 = Debug|Any CPU
		{CE783C2B-97B3-47E2-A255-92613CF11248}.Release|Any CPU.ActiveCfg = Release|Any CPU
		{CE783C2B-97B3-47E2-A255-92613CF11248}.Release|Any CPU.Build.0 = Release|Any CPU
	EndGlobalSection
	GlobalSection(SolutionProperties) = preSolution
		HideSolutionNode = FALSE
	EndGlobalSection
	GlobalSection(ExtensibilityGlobals) = postSolution
		SolutionGuid = {169D81A9-2B6C-4957-A276-A3E73244BFB8}
	EndGlobalSection
EndGlobal
